
Microsoft Visual Studio Solution File, Format Version 12.00
# Visual Studio 15
VisualStudioVersion = 15.0.28307.421
MinimumVisualStudioVersion = 10.0.40219.1
Project("{FAE04EC0-301F-11D3-BF4B-00C04F79EFBC}") = "FiLoffsLab3", "FiLoffsLab3\FiLoffsLab3.csproj", "{E26B15E5-AD8D-4D65-8404-656EBDF2C6E2}"
EndProject
Global
	GlobalSection(SolutionConfigurationPlatforms) = preSolution
		Debug|Any CPU = Debug|Any CPU
		Release|Any CPU = Release|Any CPU
	EndGlobalSection
	GlobalSection(ProjectConfigurationPlatforms) = postSolution
		{E26B15E5-AD8D-4D65-8404-656EBDF2C6E2}.Debug|Any CPU.ActiveCfg = Debug|Any CPU
		{E26B15E5-AD8D-4D65-8404-656EBDF2C6E2}.Debug|Any CPU.Build.0 = Debug|Any CPU
		{E26B15E5-AD8D-4D65-8404-656EBDF2C6E2}.Release|Any CPU.ActiveCfg = Release|Any CPU
		{E26B15E5-AD8D-4D65-8404-656EBDF2C6E2}.Release|Any CPU.Build.0 = Release|Any CPU
	EndGlobalSection
	GlobalSection(SolutionProperties) = preSolution
		HideSolutionNode = FALSE
	EndGlobalSection
	GlobalSection(ExtensibilityGlobals) = postSolution
		SolutionGuid = {A03AF8D5-F8C4-4CF2-90BC-1264E5B763BE}
	EndGlobalSection
EndGlobal
